
Microsoft Visual Studio Solution File, Format Version 12.00
# Visual Studio Version 17
VisualStudioVersion = 17.10.34916.146
MinimumVisualStudioVersion = 10.0.40219.1
Project("{FAE04EC0-301F-11D3-BF4B-00C04F79EFBC}") = "Shop Management", "Shop Management\Shop Management.csproj", "{58961F0F-D61F-427C-8CFC-6A69B673B201}"
EndProject
Global
	GlobalSection(SolutionConfigurationPlatforms) = preSolution
		Debug|Any CPU = Debug|Any CPU
		Release|Any CPU = Release|Any CPU
	EndGlobalSection
	GlobalSection(ProjectConfigurationPlatforms) = postSolution
		{58961F0F-D61F-427C-8CFC-6A69B673B201}.Debug|Any CPU.ActiveCfg = Debug|Any CPU
		{58961F0F-D61F-427C-8CFC-6A69B673B201}.Debug|Any CPU.Build.0 = Debug|Any CPU
		{58961F0F-D61F-427C-8CFC-6A69B673B201}.Release|Any CPU.ActiveCfg = Release|Any CPU
		{58961F0F-D61F-427C-8CFC-6A69B673B201}.Release|Any CPU.Build.0 = Release|Any CPU
	EndGlobalSection
	GlobalSection(SolutionProperties) = preSolution
		HideSolutionNode = FALSE
	EndGlobalSection
	GlobalSection(ExtensibilityGlobals) = postSolution
		SolutionGuid = {215A65D5-C3CE-4DEA-A758-700E9F9CBF9A}
	EndGlobalSection
EndGlobal
